
Microsoft Visual Studio Solution File, Format Version 12.00
# Visual Studio Version 17
VisualStudioVersion = 17.7.34031.279
MinimumVisualStudioVersion = 10.0.40219.1
Project("{FAE04EC0-301F-11D3-BF4B-00C04F79EFBC}") = "GerenciamentoDeEstoque", "GerenciamentoDeEstoque\GerenciamentoDeEstoque.csproj", "{C5BE3FC3-1FFD-4F4E-8CA8-D0C1250F8583}"
EndProject
Global
	GlobalSection(SolutionConfigurationPlatforms) = preSolution
		Debug|Any CPU = Debug|Any CPU
		Release|Any CPU = Release|Any CPU
	EndGlobalSection
	GlobalSection(ProjectConfigurationPlatforms) = postSolution
		{C5BE3FC3-1FFD-4F4E-8CA8-D0C1250F8583}.Debug|Any CPU.ActiveCfg = Debug|Any CPU
		{C5BE3FC3-1FFD-4F4E-8CA8-D0C1250F8583}.Debug|Any CPU.Build.0 = Debug|Any CPU
		{C5BE3FC3-1FFD-4F4E-8CA8-D0C1250F8583}.Release|Any CPU.ActiveCfg = Release|Any CPU
		{C5BE3FC3-1FFD-4F4E-8CA8-D0C1250F8583}.Release|Any CPU.Build.0 = Release|Any CPU
	EndGlobalSection
	GlobalSection(SolutionProperties) = preSolution
		HideSolutionNode = FALSE
	EndGlobalSection
	GlobalSection(ExtensibilityGlobals) = postSolution
		SolutionGuid = {466DC687-CD0A-4665-8290-E51224D94B8E}
	EndGlobalSection
EndGlobal
